
Microsoft Visual Studio Solution File, Format Version 12.00
# Visual Studio Version 17
VisualStudioVersion = 17.3.32929.385
MinimumVisualStudioVersion = 10.0.40219.1
Project("{FAE04EC0-301F-11D3-BF4B-00C04F79EFBC}") = "WindowsFormaPrincipal", "WindowsFormaPrincipal\WindowsFormaPrincipal.csproj", "{7A975260-3034-4D74-A609-9E25F111D0DE}"
EndProject
Project("{FAE04EC0-301F-11D3-BF4B-00C04F79EFBC}") = "Models", "Models\Models.csproj", "{ACA53D74-3B17-47ED-A92B-7588AF4DFD0E}"
EndProject
Project("{FAE04EC0-301F-11D3-BF4B-00C04F79EFBC}") = "BLL", "BLL\BLL.csproj", "{9AC3B98B-3567-471E-B860-431ACE409990}"
EndProject
Project("{FAE04EC0-301F-11D3-BF4B-00C04F79EFBC}") = "DAL", "DAL\DAL.csproj", "{E112C8BD-8F2C-46C7-8E2A-CE9D71B7AE46}"
EndProject
Global
	GlobalSection(SolutionConfigurationPlatforms) = preSolution
		Debug|Any CPU = Debug|Any CPU
		Release|Any CPU = Release|Any CPU
	EndGlobalSection
	GlobalSection(ProjectConfigurationPlatforms) = postSolution
		{7A975260-3034-4D74-A609-9E25F111D0DE}.Debug|Any CPU.ActiveCfg = Debug|Any CPU
		{7A975260-3034-4D74-A609-9E25F111D0DE}.Debug|Any CPU.Build.0 = Debug|Any CPU
		{7A975260-3034-4D74-A609-9E25F111D0DE}.Release|Any CPU.ActiveCfg = Release|Any CPU
		{7A975260-3034-4D74-A609-9E25F111D0DE}.Release|Any CPU.Build.0 = Release|Any CPU
		{ACA53D74-3B17-47ED-A92B-7588AF4DFD0E}.Debug|Any CPU.ActiveCfg = Debug|Any CPU
		{ACA53D74-3B17-47ED-A92B-7588AF4DFD0E}.Debug|Any CPU.Build.0 = Debug|Any CPU
		{ACA53D74-3B17-47ED-A92B-7588AF4DFD0E}.Release|Any CPU.ActiveCfg = Release|Any CPU
		{ACA53D74-3B17-47ED-A92B-7588AF4DFD0E}.Release|Any CPU.Build.0 = Release|Any CPU
		{9AC3B98B-3567-471E-B860-431ACE409990}.Debug|Any CPU.ActiveCfg = Debug|Any CPU
		{9AC3B98B-3567-471E-B860-431ACE409990}.Debug|Any CPU.Build.0 = Debug|Any CPU
		{9AC3B98B-3567-471E-B860-431ACE409990}.Release|Any CPU.ActiveCfg = Release|Any CPU
		{9AC3B98B-3567-471E-B860-431ACE409990}.Release|Any CPU.Build.0 = Release|Any CPU
		{E112C8BD-8F2C-46C7-8E2A-CE9D71B7AE46}.Debug|Any CPU.ActiveCfg = Debug|Any CPU
		{E112C8BD-8F2C-46C7-8E2A-CE9D71B7AE46}.Debug|Any CPU.Build.0 = Debug|Any CPU
		{E112C8BD-8F2C-46C7-8E2A-CE9D71B7AE46}.Release|Any CPU.ActiveCfg = Release|Any CPU
		{E112C8BD-8F2C-46C7-8E2A-CE9D71B7AE46}.Release|Any CPU.Build.0 = Release|Any CPU
	EndGlobalSection
	GlobalSection(SolutionProperties) = preSolution
		HideSolutionNode = FALSE
	EndGlobalSection
	GlobalSection(ExtensibilityGlobals) = postSolution
		SolutionGuid = {25E42F27-7566-44D5-A8A5-9AE12FAA5D34}
	EndGlobalSection
EndGlobal
